{
  "version": 4,
  "terraform_version": "1.12.2",
  "serial": 20,
  "lineage": "9c4da0ed-8414-63f9-92dc-998ccb4cd0f5",
  "outputs": {},
  "resources": [
    {
      "mode": "managed",
      "type": "docker_image",
      "name": "clickhouse",
      "provider": "provider[\"registry.terraform.io/kreuzwerker/docker\"]",
      "instances": [
        {
          "schema_version": 0,
          "attributes": {
            "build": [],
            "force_remove": null,
            "id": "sha256:c0adfa0e6e3e809a67a40d49f26fc8b021aef395a30ccd3fcae039f38c290229clickhouse/clickhouse-server:latest",
            "image_id": "sha256:c0adfa0e6e3e809a67a40d49f26fc8b021aef395a30ccd3fcae039f38c290229",
            "keep_locally": null,
            "name": "clickhouse/clickhouse-server:latest",
            "platform": null,
            "pull_triggers": null,
            "repo_digest": "clickhouse/clickhouse-server@sha256:dd08d34f8edc09c7583741e18aead90356146397e925e01c6dd1915ecbfa141a",
            "triggers": null
          },
          "sensitive_attributes": [],
          "identity_schema_version": 0,
          "private": "bnVsbA=="
        }
      ]
    },
    {
      "mode": "managed",
      "type": "docker_volume",
      "name": "clickhouse_data",
      "provider": "provider[\"registry.terraform.io/kreuzwerker/docker\"]",
      "instances": [
        {
          "schema_version": 1,
          "attributes": {
            "driver": "local",
            "driver_opts": null,
            "id": "clickhouse_data",
            "labels": [],
            "mountpoint": "/var/lib/docker/volumes/clickhouse_data/_data",
            "name": "clickhouse_data"
          },
          "sensitive_attributes": [],
          "identity_schema_version": 0,
          "private": "eyJzY2hlbWFfdmVyc2lvbiI6IjEifQ=="
        }
      ]
    }
  ],
  "check_results": null
}
